
Microsoft Visual Studio Solution File, Format Version 12.00
# Visual Studio 15
VisualStudioVersion = 15.0.28010.2046
MinimumVisualStudioVersion = 10.0.40219.1
Project("{FAE04EC0-301F-11D3-BF4B-00C04F79EFBC}") = "AutoSalvage", "AutoSalvage\AutoSalvage.csproj", "{D1AC45D2-B03C-400E-B898-296BD24AB898}"
EndProject
Global
	GlobalSection(SolutionConfigurationPlatforms) = preSolution
		Debug|Any CPU = Debug|Any CPU
		Release|Any CPU = Release|Any CPU
	EndGlobalSection
	GlobalSection(ProjectConfigurationPlatforms) = postSolution
		{D1AC45D2-B03C-400E-B898-296BD24AB898}.Debug|Any CPU.ActiveCfg = Debug|Any CPU
		{D1AC45D2-B03C-400E-B898-296BD24AB898}.Debug|Any CPU.Build.0 = Debug|Any CPU
		{D1AC45D2-B03C-400E-B898-296BD24AB898}.Release|Any CPU.ActiveCfg = Release|Any CPU
		{D1AC45D2-B03C-400E-B898-296BD24AB898}.Release|Any CPU.Build.0 = Release|Any CPU
	EndGlobalSection
	GlobalSection(SolutionProperties) = preSolution
		HideSolutionNode = FALSE
	EndGlobalSection
	GlobalSection(ExtensibilityGlobals) = postSolution
		SolutionGuid = {B811AC3C-9A67-4593-B25E-AEDFC1F361B5}
	EndGlobalSection
EndGlobal
