
Microsoft Visual Studio Solution File, Format Version 12.00
# Visual Studio 15
VisualStudioVersion = 15.0.28010.2046
MinimumVisualStudioVersion = 10.0.40219.1
Project("{9A19103F-16F7-4668-BE54-9A1E7A4F7556}") = "AutoSalvage", "AutoSalvage\AutoSalvage.csproj", "{E4C9C256-D787-4AA7-8336-A70154470B20}"
EndProject
Project("{FAE04EC0-301F-11D3-BF4B-00C04F79EFBC}") = "AutoSalvage.WinForms", "AutoSalvage.WinForms\AutoSalvage.WinForms.csproj", "{3A01C1D4-E42B-4307-9FBE-7B6489579F14}"
EndProject
Global
	GlobalSection(SolutionConfigurationPlatforms) = preSolution
		Debug|Any CPU = Debug|Any CPU
		Release|Any CPU = Release|Any CPU
	EndGlobalSection
	GlobalSection(ProjectConfigurationPlatforms) = postSolution
		{E4C9C256-D787-4AA7-8336-A70154470B20}.Debug|Any CPU.ActiveCfg = Debug|Any CPU
		{E4C9C256-D787-4AA7-8336-A70154470B20}.Debug|Any CPU.Build.0 = Debug|Any CPU
		{E4C9C256-D787-4AA7-8336-A70154470B20}.Release|Any CPU.ActiveCfg = Release|Any CPU
		{E4C9C256-D787-4AA7-8336-A70154470B20}.Release|Any CPU.Build.0 = Release|Any CPU
		{3A01C1D4-E42B-4307-9FBE-7B6489579F14}.Debug|Any CPU.ActiveCfg = Debug|Any CPU
		{3A01C1D4-E42B-4307-9FBE-7B6489579F14}.Debug|Any CPU.Build.0 = Debug|Any CPU
		{3A01C1D4-E42B-4307-9FBE-7B6489579F14}.Release|Any CPU.ActiveCfg = Release|Any CPU
		{3A01C1D4-E42B-4307-9FBE-7B6489579F14}.Release|Any CPU.Build.0 = Release|Any CPU
	EndGlobalSection
	GlobalSection(SolutionProperties) = preSolution
		HideSolutionNode = FALSE
	EndGlobalSection
	GlobalSection(ExtensibilityGlobals) = postSolution
		SolutionGuid = {B811AC3C-9A67-4593-B25E-AEDFC1F361B5}
	EndGlobalSection
EndGlobal
